{
  "name": "devon4ng-training",
  "lockfileVersion": 2,
  "requires": true,
  "packages": {
    "": {
      "dependencies": {
        "reveal.js": "^5.1.0",
        "reveal.js-menu": "^2.1.0"
      }
    },
    "node_modules/reveal.js": {
      "version": "5.1.0",
      "resolved": "http://repository.int.kn/repository/npm/reveal.js/-/reveal.js-5.1.0.tgz",
      "integrity": "sha512-KDt7m0+xwKV6nAZt4CNPVFBf42sTKRQapg0bGGKB5PKO5XvChnMfwlZkybydHiQJ7p5+6LbHKRGrhXODdoNIaA==",
      "license": "MIT",
      "engines": {
        "node": ">=18.0.0"
      }
    },
    "node_modules/reveal.js-menu": {
      "version": "2.1.0",
      "resolved": "http://repository.int.kn/repository/npm/reveal.js-menu/-/reveal.js-menu-2.1.0.tgz",
      "integrity": "sha512-35zp4fHSMyWd15+3CvQ8LrpS+4Gj2qvlkxX3lo5LpITDe6ZkA4A9y1E5fE63YlQl5fp7W1mNgNJr4kCU0s14lA==",
      "license": "MIT, Copyright (C) 2020 Greg Denehy"
    }
  },
  "dependencies": {
    "reveal.js": {
      "version": "5.1.0",
      "resolved": "http://repository.int.kn/repository/npm/reveal.js/-/reveal.js-5.1.0.tgz",
      "integrity": "sha512-KDt7m0+xwKV6nAZt4CNPVFBf42sTKRQapg0bGGKB5PKO5XvChnMfwlZkybydHiQJ7p5+6LbHKRGrhXODdoNIaA=="
    },
    "reveal.js-menu": {
      "version": "2.1.0",
      "resolved": "http://repository.int.kn/repository/npm/reveal.js-menu/-/reveal.js-menu-2.1.0.tgz",
      "integrity": "sha512-35zp4fHSMyWd15+3CvQ8LrpS+4Gj2qvlkxX3lo5LpITDe6ZkA4A9y1E5fE63YlQl5fp7W1mNgNJr4kCU0s14lA=="
    }
  }
}
